<?xml version="1.0" encoding="utf-8"?>
<Project ToolsVersion="4.0" xmlns="http://schemas.microsoft.com/developer/msbuild/2003">
  <ItemGroup>
    <Filter Include="Source Files">
      <UniqueIdentifier>{4FC737F1-C7A5-4376-A066-2A32D752A2FF}</UniqueIdentifier>
      <Extensions>cpp;c;cc;cxx;def;odl;idl;hpj;bat;asm;asmx</Extensions>
    </Filter>
    <Filter Include="Header Files">
      <UniqueIdentifier>{93995380-89BD-4b04-88EB-625FBE52EBFB}</UniqueIdentifier>
      <Extensions>h;hh;hpp;hxx;hm;inl;inc;xsd</Extensions>
    </Filter>
    <Filter Include="Resource Files">
      <UniqueIdentifier>{67DA6AB6-F800-4c08-8B7A-83BB121AAD01}</UniqueIdentifier>
      <Extensions>rc;ico;cur;bmp;dlg;rc2;rct;bin;rgs;gif;jpg;jpeg;jpe;resx;tiff;tif;png;wav;mfcribbon-ms</Extensions>
    </Filter>
    <Filter Include="Header Files\Generated">
      <UniqueIdentifier>{9d65b194-8977-45cc-9d0a-473bea2c213b}</UniqueIdentifier>
    </Filter>
    <Filter Include="Source Files\Generated">
      <UniqueIdentifier>{5e51efac-1bff-40d3-8f3c-ef90ef823316}</UniqueIdentifier>
    </Filter>
  </ItemGroup>
  <ItemGroup>
    <Text Include="ReadMe.txt" />
  </ItemGroup>
  <ItemGroup>
    <ClInclude Include="stdafx.h">
      <Filter>Header Files</Filter>
    </ClInclude>
    <ClInclude Include="targetver.h">
      <Filter>Header Files</Filter>
    </ClInclude>
    <ClInclude Include="Ip2LocationClient.h">
      <Filter>Header Files</Filter>
    </ClInclude>
    <ClInclude Include="adb_add.h">
      <Filter>Header Files\Generated</Filter>
    </ClInclude>
    <ClInclude Include="adb_get.h">
      <Filter>Header Files\Generated</Filter>
    </ClInclude>
    <ClInclude Include="adb_getResponse.h">
      <Filter>Header Files\Generated</Filter>
    </ClInclude>
    <ClInclude Include="axis2_extension_mapper.h">
      <Filter>Header Files\Generated</Filter>
    </ClInclude>
    <ClInclude Include="axis2_stub_IIp2Location.h">
      <Filter>Header Files\Generated</Filter>
    </ClInclude>
  </ItemGroup>
  <ItemGroup>
    <ClCompile Include="stdafx.cpp">
      <Filter>Source Files</Filter>
    </ClCompile>
    <ClCompile Include="ip2Location.cpp">
      <Filter>Source Files</Filter>
    </ClCompile>
    <ClCompile Include="Ip2LocationClient.cpp">
      <Filter>Source Files</Filter>
    </ClCompile>
    <ClCompile Include="adb_add.c">
      <Filter>Source Files\Generated</Filter>
    </ClCompile>
    <ClCompile Include="adb_get.c">
      <Filter>Source Files\Generated</Filter>
    </ClCompile>
    <ClCompile Include="adb_getResponse.c">
      <Filter>Source Files\Generated</Filter>
    </ClCompile>
    <ClCompile Include="axis2_extension_mapper.c">
      <Filter>Source Files\Generated</Filter>
    </ClCompile>
    <ClCompile Include="axis2_stub_IIp2Location.c">
      <Filter>Source Files\Generated</Filter>
    </ClCompile>
  </ItemGroup>
</Project>